
Microsoft Visual Studio Solution File, Format Version 12.00
# Visual Studio Version 16
VisualStudioVersion = 16.0.30503.244
MinimumVisualStudioVersion = 10.0.40219.1
Project("{FAE04EC0-301F-11D3-BF4B-00C04F79EFBC}") = "RestaurantRatingAPI", "RestaurantRating\RestaurantRatingAPI.csproj", "{EE5BBE07-EC02-4F20-9278-6A9CDE8691BA}"
EndProject
Global
	GlobalSection(SolutionConfigurationPlatforms) = preSolution
		Debug|Any CPU = Debug|Any CPU
		Release|Any CPU = Release|Any CPU
	EndGlobalSection
	GlobalSection(ProjectConfigurationPlatforms) = postSolution
		{EE5BBE07-EC02-4F20-9278-6A9CDE8691BA}.Debug|Any CPU.ActiveCfg = Debug|Any CPU
		{EE5BBE07-EC02-4F20-9278-6A9CDE8691BA}.Debug|Any CPU.Build.0 = Debug|Any CPU
		{EE5BBE07-EC02-4F20-9278-6A9CDE8691BA}.Release|Any CPU.ActiveCfg = Release|Any CPU
		{EE5BBE07-EC02-4F20-9278-6A9CDE8691BA}.Release|Any CPU.Build.0 = Release|Any CPU
	EndGlobalSection
	GlobalSection(SolutionProperties) = preSolution
		HideSolutionNode = FALSE
	EndGlobalSection
	GlobalSection(ExtensibilityGlobals) = postSolution
		SolutionGuid = {6A938FA2-6AB4-4778-A508-2AFB2A5CF2E2}
	EndGlobalSection
EndGlobal
